// !$*UTF8*$!
{
	archiveVersion = 1;
	classes = {
	};
	objectVersion = 56;
	objects = {

/* Begin PBXBuildFile section */
		7020CC512CDEF7EE003B2436 /* ConnectionManager.swift in Sources */ = {isa = PBXBuildFile; fileRef = 7020CC502CDEF7E2003B2436 /* ConnectionManager.swift */; };
		7054B3F12CDEF129006776C6 /* AppDelegate.swift in Sources */ = {isa = PBXBuildFile; fileRef = 7054B3F02CDEF129006776C6 /* AppDelegate.swift */; };
		7054B3F32CDEF129006776C6 /* SceneDelegate.swift in Sources */ = {isa = PBXBuildFile; fileRef = 7054B3F22CDEF129006776C6 /* SceneDelegate.swift */; };
		7054B3F52CDEF129006776C6 /* ViewController.swift in Sources */ = {isa = PBXBuildFile; fileRef = 7054B3F42CDEF129006776C6 /* ViewController.swift */; };
		7054B3F82CDEF129006776C6 /* Base in Resources */ = {isa = PBXBuildFile; fileRef = 7054B3F72CDEF129006776C6 /* Base */; };
		7054B3FA2CDEF12A006776C6 /* Assets.xcassets in Resources */ = {isa = PBXBuildFile; fileRef = 7054B3F92CDEF12A006776C6 /* Assets.xcassets */; };
		7054B3FD2CDEF12A006776C6 /* Base in Resources */ = {isa = PBXBuildFile; fileRef = 7054B3FC2CDEF12A006776C6 /* Base */; };
		99F707FD185468550F6A7C86 /* Pods_socketNewtork.framework in Frameworks */ = {isa = PBXBuildFile; fileRef = E9AC6335D90B672ED1BF04DE /* Pods_socketNewtork.framework */; };
/* End PBXBuildFile section */

/* Begin PBXFileReference section */
		7020CC502CDEF7E2003B2436 /* ConnectionManager.swift */ = {isa = PBXFileReference; lastKnownFileType = sourcecode.swift; path = ConnectionManager.swift; sourceTree = "<group>"; };
		7054B3ED2CDEF129006776C6 /* socketNewtork.app */ = {isa = PBXFileReference; explicitFileType = wrapper.application; includeInIndex = 0; path = socketNewtork.app; sourceTree = BUILT_PRODUCTS_DIR; };
		7054B3F02CDEF129006776C6 /* AppDelegate.swift */ = {isa = PBXFileReference; lastKnownFileType = sourcecode.swift; path = AppDelegate.swift; sourceTree = "<group>"; };
		7054B3F22CDEF129006776C6 /* SceneDelegate.swift */ = {isa = PBXFileReference; lastKnownFileType = sourcecode.swift; path = SceneDelegate.swift; sourceTree = "<group>"; };
		7054B3F42CDEF129006776C6 /* ViewController.swift */ = {isa = PBXFileReference; lastKnownFileType = sourcecode.swift; path = ViewController.swift; sourceTree = "<group>"; };
		7054B3F72CDEF129006776C6 /* Base */ = {isa = PBXFileReference; lastKnownFileType = file.storyboard; name = Base; path = Base.lproj/Main.storyboard; sourceTree = "<group>"; };
		7054B3F92CDEF12A006776C6 /* Assets.xcassets */ = {isa = PBXFileReference; lastKnownFileType = folder.assetcatalog; path = Assets.xcassets; sourceTree = "<group>"; };
		7054B3FC2CDEF12A006776C6 /* Base */ = {isa = PBXFileReference; lastKnownFileType = file.storyboard; name = Base; path = Base.lproj/LaunchScreen.storyboard; sourceTree = "<group>"; };
		7054B3FE2CDEF12A006776C6 /* Info.plist */ = {isa = PBXFileReference; lastKnownFileType = text.plist.xml; path = Info.plist; sourceTree = "<group>"; };
		E9AC6335D90B672ED1BF04DE /* Pods_socketNewtork.framework */ = {isa = PBXFileReference; explicitFileType = wrapper.framework; includeInIndex = 0; path = Pods_socketNewtork.framework; sourceTree = BUILT_PRODUCTS_DIR; };
		FB3B94E8295B1F965B4A5ABA /* Pods-socketNewtork.release.xcconfig */ = {isa = PBXFileReference; includeInIndex = 1; lastKnownFileType = text.xcconfig; name = "Pods-socketNewtork.release.xcconfig"; path = "Target Support Files/Pods-socketNewtork/Pods-socketNewtork.release.xcconfig"; sourceTree = "<group>"; };
		FD24E53A13E5816DB1050181 /* Pods-socketNewtork.debug.xcconfig */ = {isa = PBXFileReference; includeInIndex = 1; lastKnownFileType = text.xcconfig; name = "Pods-socketNewtork.debug.xcconfig"; path = "Target Support Files/Pods-socketNewtork/Pods-socketNewtork.debug.xcconfig"; sourceTree = "<group>"; };
/* End PBXFileReference section */

/* Begin PBXFrameworksBuildPhase section */
		7054B3EA2CDEF129006776C6 /* Frameworks */ = {
			isa = PBXFrameworksBuildPhase;
			buildActionMask = 2147483647;
			files = (
				99F707FD185468550F6A7C86 /* Pods_socketNewtork.framework in Frameworks */,
			);
			runOnlyForDeploymentPostprocessing = 0;
		};
/* End PBXFrameworksBuildPhase section */

/* Begin PBXGroup section */
		7054B3E42CDEF129006776C6 = {
			isa = PBXGroup;
			children = (
				7054B3EF2CDEF129006776C6 /* socketNewtork */,
				7054B3EE2CDEF129006776C6 /* Products */,
				F1CA2F045C4A36B718DA26D5 /* Pods */,
				D7158FC453E7D90905CC411A /* Frameworks */,
			);
			sourceTree = "<group>";
		};
		7054B3EE2CDEF129006776C6 /* Products */ = {
			isa = PBXGroup;
			children = (
				7054B3ED2CDEF129006776C6 /* socketNewtork.app */,
			);
			name = Products;
			sourceTree = "<group>";
		};
		7054B3EF2CDEF129006776C6 /* socketNewtork */ = {
			isa = PBXGroup;
			children = (
				7020CC502CDEF7E2003B2436 /* ConnectionManager.swift */,
				7054B3F02CDEF129006776C6 /* AppDelegate.swift */,
				7054B3F22CDEF129006776C6 /* SceneDelegate.swift */,
				7054B3F42CDEF129006776C6 /* ViewController.swift */,
				7054B3F62CDEF129006776C6 /* Main.storyboard */,
				7054B3F92CDEF12A006776C6 /* Assets.xcassets */,
				7054B3FB2CDEF12A006776C6 /* LaunchScreen.storyboard */,
				7054B3FE2CDEF12A006776C6 /* Info.plist */,
			);
			path = socketNewtork;
			sourceTree = "<group>";
		};
		D7158FC453E7D90905CC411A /* Frameworks */ = {
			isa = PBXGroup;
			children = (
				E9AC6335D90B672ED1BF04DE /* Pods_socketNewtork.framework */,
			);
			name = Frameworks;
			sourceTree = "<group>";
		};
		F1CA2F045C4A36B718DA26D5 /* Pods */ = {
			isa = PBXGroup;
			children = (
				FD24E53A13E5816DB1050181 /* Pods-socketNewtork.debug.xcconfig */,
				FB3B94E8295B1F965B4A5ABA /* Pods-socketNewtork.release.xcconfig */,
			);
			path = Pods;
			sourceTree = "<group>";
		};
/* End PBXGroup section */

/* Begin PBXNativeTarget section */
		7054B3EC2CDEF129006776C6 /* socketNewtork */ = {
			isa = PBXNativeTarget;
			buildConfigurationList = 7054B4012CDEF12A006776C6 /* Build configuration list for PBXNativeTarget "socketNewtork" */;
			buildPhases = (
				46167C07DFB1B629541AED2C /* [CP] Check Pods Manifest.lock */,
				7054B3E92CDEF129006776C6 /* Sources */,
				7054B3EA2CDEF129006776C6 /* Frameworks */,
				7054B3EB2CDEF129006776C6 /* Resources */,
				33A3D7E63F261372F5604F27 /* [CP] Embed Pods Frameworks */,
			);
			buildRules = (
			);
			dependencies = (
			);
			name = socketNewtork;
			productName = socketNewtork;
			productReference = 7054B3ED2CDEF129006776C6 /* socketNewtork.app */;
			productType = "com.apple.product-type.application";
		};
/* End PBXNativeTarget section */

/* Begin PBXProject section */
		7054B3E52CDEF129006776C6 /* Project object */ = {
			isa = PBXProject;
			attributes = {
				BuildIndependentTargetsInParallel = 1;
				LastSwiftUpdateCheck = 1530;
				LastUpgradeCheck = 1530;
				TargetAttributes = {
					7054B3EC2CDEF129006776C6 = {
						CreatedOnToolsVersion = 15.3;
					};
				};
			};
			buildConfigurationList = 7054B3E82CDEF129006776C6 /* Build configuration list for PBXProject "socketNewtork" */;
			compatibilityVersion = "Xcode 14.0";
			developmentRegion = en;
			hasScannedForEncodings = 0;
			knownRegions = (
				en,
				Base,
			);
			mainGroup = 7054B3E42CDEF129006776C6;
			productRefGroup = 7054B3EE2CDEF129006776C6 /* Products */;
			projectDirPath = "";
			projectRoot = "";
			targets = (
				7054B3EC2CDEF129006776C6 /* socketNewtork */,
			);
		};
/* End PBXProject section */

/* Begin PBXResourcesBuildPhase section */
		7054B3EB2CDEF129006776C6 /* Resources */ = {
			isa = PBXResourcesBuildPhase;
			buildActionMask = 2147483647;
			files = (
				7054B3FA2CDEF12A006776C6 /* Assets.xcassets in Resources */,
				7054B3FD2CDEF12A006776C6 /* Base in Resources */,
				7054B3F82CDEF129006776C6 /* Base in Resources */,
			);
			runOnlyForDeploymentPostprocessing = 0;
		};
/* End PBXResourcesBuildPhase section */

/* Begin PBXShellScriptBuildPhase section */
		33A3D7E63F261372F5604F27 /* [CP] Embed Pods Frameworks */ = {
			isa = PBXShellScriptBuildPhase;
			buildActionMask = 2147483647;
			files = (
			);
			inputFileListPaths = (
				"${PODS_ROOT}/Target Support Files/Pods-socketNewtork/Pods-socketNewtork-frameworks-${CONFIGURATION}-input-files.xcfilelist",
			);
			name = "[CP] Embed Pods Frameworks";
			outputFileListPaths = (
				"${PODS_ROOT}/Target Support Files/Pods-socketNewtork/Pods-socketNewtork-frameworks-${CONFIGURATION}-output-files.xcfilelist",
			);
			runOnlyForDeploymentPostprocessing = 0;
			shellPath = /bin/sh;
			shellScript = "\"${PODS_ROOT}/Target Support Files/Pods-socketNewtork/Pods-socketNewtork-frameworks.sh\"\n";
			showEnvVarsInLog = 0;
		};
		46167C07DFB1B629541AED2C /* [CP] Check Pods Manifest.lock */ = {
			isa = PBXShellScriptBuildPhase;
			buildActionMask = 2147483647;
			files = (
			);
			inputFileListPaths = (
			);
			inputPaths = (
				"${PODS_PODFILE_DIR_PATH}/Podfile.lock",
				"${PODS_ROOT}/Manifest.lock",
			);
			name = "[CP] Check Pods Manifest.lock";
			outputFileListPaths = (
			);
			outputPaths = (
				"$(DERIVED_FILE_DIR)/Pods-socketNewtork-checkManifestLockResult.txt",
			);
			runOnlyForDeploymentPostprocessing = 0;
			shellPath = /bin/sh;
			shellScript = "diff \"${PODS_PODFILE_DIR_PATH}/Podfile.lock\" \"${PODS_ROOT}/Manifest.lock\" > /dev/null\nif [ $? != 0 ] ; then\n    # print error to STDERR\n    echo \"error: The sandbox is not in sync with the Podfile.lock. Run 'pod install' or update your CocoaPods installation.\" >&2\n    exit 1\nfi\n# This output is used by Xcode 'outputs' to avoid re-running this script phase.\necho \"SUCCESS\" > \"${SCRIPT_OUTPUT_FILE_0}\"\n";
			showEnvVarsInLog = 0;
		};
/* End PBXShellScriptBuildPhase section */

/* Begin PBXSourcesBuildPhase section */
		7054B3E92CDEF129006776C6 /* Sources */ = {
			isa = PBXSourcesBuildPhase;
			buildActionMask = 2147483647;
			files = (
				7054B3F52CDEF129006776C6 /* ViewController.swift in Sources */,
				7020CC512CDEF7EE003B2436 /* ConnectionManager.swift in Sources */,
				7054B3F12CDEF129006776C6 /* AppDelegate.swift in Sources */,
				7054B3F32CDEF129006776C6 /* SceneDelegate.swift in Sources */,
			);
			runOnlyForDeploymentPostprocessing = 0;
		};
/* End PBXSourcesBuildPhase section */

/* Begin PBXVariantGroup section */
		7054B3F62CDEF129006776C6 /* Main.storyboard */ = {
			isa = PBXVariantGroup;
			children = (
				7054B3F72CDEF129006776C6 /* Base */,
			);
			name = Main.storyboard;
			sourceTree = "<group>";
		};
		7054B3FB2CDEF12A006776C6 /* LaunchScreen.storyboard */ = {
			isa = PBXVariantGroup;
			children = (
				7054B3FC2CDEF12A006776C6 /* Base */,
			);
			name = LaunchScreen.storyboard;
			sourceTree = "<group>";
		};
/* End PBXVariantGroup section */

/* Begin XCBuildConfiguration section */
		7054B3FF2CDEF12A006776C6 /* Debug */ = {
			isa = XCBuildConfiguration;
			buildSettings = {
				ALWAYS_SEARCH_USER_PATHS = NO;
				ASSETCATALOG_COMPILER_GENERATE_SWIFT_ASSET_SYMBOL_EXTENSIONS = YES;
				CLANG_ANALYZER_NONNULL = YES;
				CLANG_ANALYZER_NUMBER_OBJECT_CONVERSION = YES_AGGRESSIVE;
				CLANG_CXX_LANGUAGE_STANDARD = "gnu++20";
				CLANG_ENABLE_MODULES = YES;
				CLANG_ENABLE_OBJC_ARC = YES;
				CLANG_ENABLE_OBJC_WEAK = YES;
				CLANG_WARN_BLOCK_CAPTURE_AUTORELEASING = YES;
				CLANG_WARN_BOOL_CONVERSION = YES;
				CLANG_WARN_COMMA = YES;
				CLANG_WARN_CONSTANT_CONVERSION = YES;
				CLANG_WARN_DEPRECATED_OBJC_IMPLEMENTATIONS = YES;
				CLANG_WARN_DIRECT_OBJC_ISA_USAGE = YES_ERROR;
				CLANG_WARN_DOCUMENTATION_COMMENTS = YES;
				CLANG_WARN_EMPTY_BODY = YES;
				CLANG_WARN_ENUM_CONVERSION = YES;
				CLANG_WARN_INFINITE_RECURSION = YES;
				CLANG_WARN_INT_CONVERSION = YES;
				CLANG_WARN_NON_LITERAL_NULL_CONVERSION = YES;
				CLANG_WARN_OBJC_IMPLICIT_RETAIN_SELF = YES;
				CLANG_WARN_OBJC_LITERAL_CONVERSION = YES;
				CLANG_WARN_OBJC_ROOT_CLASS = YES_ERROR;
				CLANG_WARN_QUOTED_INCLUDE_IN_FRAMEWORK_HEADER = YES;
				CLANG_WARN_RANGE_LOOP_ANALYSIS = YES;
				CLANG_WARN_STRICT_PROTOTYPES = YES;
				CLANG_WARN_SUSPICIOUS_MOVE = YES;
				CLANG_WARN_UNGUARDED_AVAILABILITY = YES_AGGRESSIVE;
				CLANG_WARN_UNREACHABLE_CODE = YES;
				CLANG_WARN__DUPLICATE_METHOD_MATCH = YES;
				COPY_PHASE_STRIP = NO;
				DEBUG_INFORMATION_FORMAT = dwarf;
				ENABLE_STRICT_OBJC_MSGSEND = YES;
				ENABLE_TESTABILITY = YES;
				ENABLE_USER_SCRIPT_SANDBOXING = NO;
				GCC_C_LANGUAGE_STANDARD = gnu17;
				GCC_DYNAMIC_NO_PIC = NO;
				GCC_NO_COMMON_BLOCKS = YES;
				GCC_OPTIMIZATION_LEVEL = 0;
				GCC_PREPROCESSOR_DEFINITIONS = (
					"DEBUG=1",
					"$(inherited)",
				);
				GCC_WARN_64_TO_32_BIT_CONVERSION = YES;
				GCC_WARN_ABOUT_RETURN_TYPE = YES_ERROR;
				GCC_WARN_UNDECLARED_SELECTOR = YES;
				GCC_WARN_UNINITIALIZED_AUTOS = YES_AGGRESSIVE;
				GCC_WARN_UNUSED_FUNCTION = YES;
				GCC_WARN_UNUSED_VARIABLE = YES;
				IPHONEOS_DEPLOYMENT_TARGET = 17.4;
				LOCALIZATION_PREFERS_STRING_CATALOGS = YES;
				MTL_ENABLE_DEBUG_INFO = INCLUDE_SOURCE;
				MTL_FAST_MATH = YES;
				ONLY_ACTIVE_ARCH = YES;
				SDKROOT = iphoneos;
				SWIFT_ACTIVE_COMPILATION_CONDITIONS = "DEBUG $(inherited)";
				SWIFT_OPTIMIZATION_LEVEL = "-Onone";
			};
			name = Debug;
		};
		7054B4002CDEF12A006776C6 /* Release */ = {
			isa = XCBuildConfiguration;
			buildSettings = {
				ALWAYS_SEARCH_USER_PATHS = NO;
				ASSETCATALOG_COMPILER_GENERATE_SWIFT_ASSET_SYMBOL_EXTENSIONS = YES;
				CLANG_ANALYZER_NONNULL = YES;
				CLANG_ANALYZER_NUMBER_OBJECT_CONVERSION = YES_AGGRESSIVE;
				CLANG_CXX_LANGUAGE_STANDARD = "gnu++20";
				CLANG_ENABLE_MODULES = YES;
				CLANG_ENABLE_OBJC_ARC = YES;
				CLANG_ENABLE_OBJC_WEAK = YES;
				CLANG_WARN_BLOCK_CAPTURE_AUTORELEASING = YES;
				CLANG_WARN_BOOL_CONVERSION = YES;
				CLANG_WARN_COMMA = YES;
				CLANG_WARN_CONSTANT_CONVERSION = YES;
				CLANG_WARN_DEPRECATED_OBJC_IMPLEMENTATIONS = YES;
				CLANG_WARN_DIRECT_OBJC_ISA_USAGE = YES_ERROR;
				CLANG_WARN_DOCUMENTATION_COMMENTS = YES;
				CLANG_WARN_EMPTY_BODY = YES;
				CLANG_WARN_ENUM_CONVERSION = YES;
				CLANG_WARN_INFINITE_RECURSION = YES;
				CLANG_WARN_INT_CONVERSION = YES;
				CLANG_WARN_NON_LITERAL_NULL_CONVERSION = YES;
				CLANG_WARN_OBJC_IMPLICIT_RETAIN_SELF = YES;
				CLANG_WARN_OBJC_LITERAL_CONVERSION = YES;
				CLANG_WARN_OBJC_ROOT_CLASS = YES_ERROR;
				CLANG_WARN_QUOTED_INCLUDE_IN_FRAMEWORK_HEADER = YES;
				CLANG_WARN_RANGE_LOOP_ANALYSIS = YES;
				CLANG_WARN_STRICT_PROTOTYPES = YES;
				CLANG_WARN_SUSPICIOUS_MOVE = YES;
				CLANG_WARN_UNGUARDED_AVAILABILITY = YES_AGGRESSIVE;
				CLANG_WARN_UNREACHABLE_CODE = YES;
				CLANG_WARN__DUPLICATE_METHOD_MATCH = YES;
				COPY_PHASE_STRIP = NO;
				DEBUG_INFORMATION_FORMAT = "dwarf-with-dsym";
				ENABLE_NS_ASSERTIONS = NO;
				ENABLE_STRICT_OBJC_MSGSEND = YES;
				ENABLE_USER_SCRIPT_SANDBOXING = NO;
				GCC_C_LANGUAGE_STANDARD = gnu17;
				GCC_NO_COMMON_BLOCKS = YES;
				GCC_WARN_64_TO_32_BIT_CONVERSION = YES;
				GCC_WARN_ABOUT_RETURN_TYPE = YES_ERROR;
				GCC_WARN_UNDECLARED_SELECTOR = YES;
				GCC_WARN_UNINITIALIZED_AUTOS = YES_AGGRESSIVE;
				GCC_WARN_UNUSED_FUNCTION = YES;
				GCC_WARN_UNUSED_VARIABLE = YES;
				IPHONEOS_DEPLOYMENT_TARGET = 17.4;
				LOCALIZATION_PREFERS_STRING_CATALOGS = YES;
				MTL_ENABLE_DEBUG_INFO = NO;
				MTL_FAST_MATH = YES;
				SDKROOT = iphoneos;
				SWIFT_COMPILATION_MODE = wholemodule;
				VALIDATE_PRODUCT = YES;
			};
			name = Release;
		};
		7054B4022CDEF12A006776C6 /* Debug */ = {
			isa = XCBuildConfiguration;
			baseConfigurationReference = FD24E53A13E5816DB1050181 /* Pods-socketNewtork.debug.xcconfig */;
			buildSettings = {
				ASSETCATALOG_COMPILER_APPICON_NAME = AppIcon;
				ASSETCATALOG_COMPILER_GLOBAL_ACCENT_COLOR_NAME = AccentColor;
				CODE_SIGN_STYLE = Automatic;
				CURRENT_PROJECT_VERSION = 1;
				DEVELOPMENT_TEAM = 9GK6FGHNXB;
				GENERATE_INFOPLIST_FILE = YES;
				INFOPLIST_FILE = socketNewtork/Info.plist;
				INFOPLIST_KEY_UIApplicationSupportsIndirectInputEvents = YES;
				INFOPLIST_KEY_UILaunchStoryboardName = LaunchScreen;
				INFOPLIST_KEY_UIMainStoryboardFile = Main;
				INFOPLIST_KEY_UISupportedInterfaceOrientations_iPad = "UIInterfaceOrientationPortrait UIInterfaceOrientationPortraitUpsideDown UIInterfaceOrientationLandscapeLeft UIInterfaceOrientationLandscapeRight";
				INFOPLIST_KEY_UISupportedInterfaceOrientations_iPhone = "UIInterfaceOrientationPortrait UIInterfaceOrientationLandscapeLeft UIInterfaceOrientationLandscapeRight";
				LD_RUNPATH_SEARCH_PATHS = (
					"$(inherited)",
					"@executable_path/Frameworks",
				);
				MARKETING_VERSION = 1.0;
				PRODUCT_BUNDLE_IDENTIFIER = com.tahiatul.edu.socketNewtork;
				PRODUCT_NAME = "$(TARGET_NAME)";
				SWIFT_EMIT_LOC_STRINGS = YES;
				SWIFT_VERSION = 5.0;
				TARGETED_DEVICE_FAMILY = "1,2";
			};
			name = Debug;
		};
		7054B4032CDEF12A006776C6 /* Release */ = {
			isa = XCBuildConfiguration;
			baseConfigurationReference = FB3B94E8295B1F965B4A5ABA /* Pods-socketNewtork.release.xcconfig */;
			buildSettings = {
				ASSETCATALOG_COMPILER_APPICON_NAME = AppIcon;
				ASSETCATALOG_COMPILER_GLOBAL_ACCENT_COLOR_NAME = AccentColor;
				CODE_SIGN_STYLE = Automatic;
				CURRENT_PROJECT_VERSION = 1;
				DEVELOPMENT_TEAM = 9GK6FGHNXB;
				GENERATE_INFOPLIST_FILE = YES;
				INFOPLIST_FILE = socketNewtork/Info.plist;
				INFOPLIST_KEY_UIApplicationSupportsIndirectInputEvents = YES;
				INFOPLIST_KEY_UILaunchStoryboardName = LaunchScreen;
				INFOPLIST_KEY_UIMainStoryboardFile = Main;
				INFOPLIST_KEY_UISupportedInterfaceOrientations_iPad = "UIInterfaceOrientationPortrait UIInterfaceOrientationPortraitUpsideDown UIInterfaceOrientationLandscapeLeft UIInterfaceOrientationLandscapeRight";
				INFOPLIST_KEY_UISupportedInterfaceOrientations_iPhone = "UIInterfaceOrientationPortrait UIInterfaceOrientationLandscapeLeft UIInterfaceOrientationLandscapeRight";
				LD_RUNPATH_SEARCH_PATHS = (
					"$(inherited)",
					"@executable_path/Frameworks",
				);
				MARKETING_VERSION = 1.0;
				PRODUCT_BUNDLE_IDENTIFIER = com.tahiatul.edu.socketNewtork;
				PRODUCT_NAME = "$(TARGET_NAME)";
				SWIFT_EMIT_LOC_STRINGS = YES;
				SWIFT_VERSION = 5.0;
				TARGETED_DEVICE_FAMILY = "1,2";
			};
			name = Release;
		};
/* End XCBuildConfiguration section */

/* Begin XCConfigurationList section */
		7054B3E82CDEF129006776C6 /* Build configuration list for PBXProject "socketNewtork" */ = {
			isa = XCConfigurationList;
			buildConfigurations = (
				7054B3FF2CDEF12A006776C6 /* Debug */,
				7054B4002CDEF12A006776C6 /* Release */,
			);
			defaultConfigurationIsVisible = 0;
			defaultConfigurationName = Release;
		};
		7054B4012CDEF12A006776C6 /* Build configuration list for PBXNativeTarget "socketNewtork" */ = {
			isa = XCConfigurationList;
			buildConfigurations = (
				7054B4022CDEF12A006776C6 /* Debug */,
				7054B4032CDEF12A006776C6 /* Release */,
			);
			defaultConfigurationIsVisible = 0;
			defaultConfigurationName = Release;
		};
/* End XCConfigurationList section */
	};
	rootObject = 7054B3E52CDEF129006776C6 /* Project object */;
}
